{
  "name": "fullcalendar",
  "version": "5.11.3",
  "lockfileVersion": 2,
  "requires": true,
  "packages": {
    "": {
      "name": "fullcalendar",
      "version": "5.11.3",
      "license": "MIT",
      "dependencies": {
        "fullcalendar": "file:"
      },
      "devDependencies": {
        "@fullcalendar/bootstrap": "~5.11.3",
        "@fullcalendar/bootstrap5": "~5.11.3",
        "@fullcalendar/core": "~5.11.3",
        "@fullcalendar/daygrid": "~5.11.3",
        "@fullcalendar/google-calendar": "~5.11.3",
        "@fullcalendar/interaction": "~5.11.3",
        "@fullcalendar/list": "~5.11.3",
        "@fullcalendar/timegrid": "~5.11.3"
      }
    },
    "node_modules/@fullcalendar/bootstrap": {
      "version": "5.11.5",
      "resolved": "https://registry.npmjs.org/@fullcalendar/bootstrap/-/bootstrap-5.11.5.tgz",
      "integrity": "sha512-btsVVJuLQ9UNTj0SeHNHxwM3uzfHi6RsjtMQs13sXzp3tu2d6FTI849VJHs81GfTZp+fwK0RD2tZ/eswN58A5Q==",
      "dev": true,
      "dependencies": {
        "@fullcalendar/common": "~5.11.5",
        "tslib": "^2.1.0"
      }
    },
    "node_modules/@fullcalendar/bootstrap5": {
      "version": "5.11.5",
      "resolved": "https://registry.npmjs.org/@fullcalendar/bootstrap5/-/bootstrap5-5.11.5.tgz",
      "integrity": "sha512-9wGL/garIs/xHEVjMFYunGeb6sBBgW7QrB34HhdDi01HJ6gkS3822Nei3NGef18J2XBHa5UHMAasGVkqUdGIpQ==",
      "dev": true,
      "dependencies": {
        "@fullcalendar/common": "~5.11.5",
        "tslib": "^2.1.0"
      }
    },
    "node_modules/@fullcalendar/common": {
      "version": "5.11.5",
      "resolved": "https://registry.npmjs.org/@fullcalendar/common/-/common-5.11.5.tgz",
      "integrity": "sha512-3iAYiUbHXhjSVXnYWz27Od2cslztUPsOwiwKlfGvQxBixv2Kl6a8IPwaijKFYJHXdwYmfPoEgK7rvqAGVoIYwA==",
      "dev": true,
      "dependencies": {
        "tslib": "^2.1.0"
      }
    },
    "node_modules/@fullcalendar/core": {
      "version": "5.11.5",
      "resolved": "https://registry.npmjs.org/@fullcalendar/core/-/core-5.11.5.tgz",
      "integrity": "sha512-M/WQuq1+uUHxFDEIu2ib/aaPZ70VsRk2ITECo/WCLSLTVWcHPXwEg83reyP3G8JrMM4gRL4vScEHhX0U5aoNSw==",
      "dev": true,
      "dependencies": {
        "@fullcalendar/common": "~5.11.5",
        "preact": "~10.12.1",
        "tslib": "^2.1.0"
      }
    },
    "node_modules/@fullcalendar/daygrid": {
      "version": "5.11.5",
      "resolved": "https://registry.npmjs.org/@fullcalendar/daygrid/-/daygrid-5.11.5.tgz",
      "integrity": "sha512-hMpq0U3Nucys2jDD+crbkJCr+tVt3fDw04OE3fbpisuzqtrHxIzRmnUOdbWUjJQyToAAkt7UVUQ9E7hYdmvyGA==",
      "dev": true,
      "dependencies": {
        "@fullcalendar/common": "~5.11.5",
        "tslib": "^2.1.0"
      }
    },
    "node_modules/@fullcalendar/google-calendar": {
      "version": "5.11.5",
      "resolved": "https://registry.npmjs.org/@fullcalendar/google-calendar/-/google-calendar-5.11.5.tgz",
      "integrity": "sha512-+uXhuPBhL445e38g+NqlVr+S3TlTHA8+2pG7Q/k/i93gO2CBO685FsZ079dLMOtHI445VKwalgCKUYNC+CdZYA==",
      "dev": true,
      "dependencies": {
        "@fullcalendar/common": "~5.11.5",
        "tslib": "^2.1.0"
      }
    },
    "node_modules/@fullcalendar/interaction": {
      "version": "5.11.5",
      "resolved": "https://registry.npmjs.org/@fullcalendar/interaction/-/interaction-5.11.5.tgz",
      "integrity": "sha512-Vg9uw8zKXZc2RP7it88U8R/kxJIQsK4pyv+s+RhlvT5NBZ9KLOh5y2xGCS4A4hyY7qLrzugxnKYlu6NwNqJ/RQ==",
      "dev": true,
      "dependencies": {
        "@fullcalendar/common": "~5.11.5",
        "tslib": "^2.1.0"
      }
    },
    "node_modules/@fullcalendar/list": {
      "version": "5.11.5",
      "resolved": "https://registry.npmjs.org/@fullcalendar/list/-/list-5.11.5.tgz",
      "integrity": "sha512-ZYMPT4CVt9tIYkVVNx7CKkB2xc+n9L56+vgXkurptgYgPsacXYkcpF/1Hy/B5LKlg0ROEF9Qfftjow8xjANqaA==",
      "dev": true,
      "dependencies": {
        "@fullcalendar/common": "~5.11.5",
        "tslib": "^2.1.0"
      }
    },
    "node_modules/@fullcalendar/timegrid": {
      "version": "5.11.5",
      "resolved": "https://registry.npmjs.org/@fullcalendar/timegrid/-/timegrid-5.11.5.tgz",
      "integrity": "sha512-OEH5mrTclwxgUbb51N6qr7ifzNkR74ygUEFpiMLyyUjkp7a76N6BsAP5mBQnTOpTTUZBu9tAOmfcnvi7skUayQ==",
      "dev": true,
      "dependencies": {
        "@fullcalendar/common": "~5.11.5",
        "@fullcalendar/daygrid": "~5.11.5",
        "tslib": "^2.1.0"
      }
    },
    "node_modules/fullcalendar": {
      "resolved": "",
      "link": true
    },
    "node_modules/preact": {
      "version": "10.12.1",
      "resolved": "https://registry.npmjs.org/preact/-/preact-10.12.1.tgz",
      "integrity": "sha512-l8386ixSsBdbreOAkqtrwqHwdvR35ID8c3rKPa8lCWuO86dBi32QWHV4vfsZK1utLLFMvw+Z5Ad4XLkZzchscg==",
      "dev": true,
      "funding": {
        "type": "opencollective",
        "url": "https://opencollective.com/preact"
      }
    },
    "node_modules/tslib": {
      "version": "2.8.1",
      "resolved": "https://registry.npmjs.org/tslib/-/tslib-2.8.1.tgz",
      "integrity": "sha512-oJFu94HQb+KVduSUQL7wnpmqnfmLsOA/nAh6b6EH0wCEoK0/mPeXU6c3wKDV83MkOuHPRHtSXKKU99IBazS/2w==",
      "dev": true
    }
  },
  "dependencies": {
    "@fullcalendar/bootstrap": {
      "version": "5.11.5",
      "resolved": "https://registry.npmjs.org/@fullcalendar/bootstrap/-/bootstrap-5.11.5.tgz",
      "integrity": "sha512-btsVVJuLQ9UNTj0SeHNHxwM3uzfHi6RsjtMQs13sXzp3tu2d6FTI849VJHs81GfTZp+fwK0RD2tZ/eswN58A5Q==",
      "dev": true,
      "requires": {
        "@fullcalendar/common": "~5.11.5",
        "tslib": "^2.1.0"
      }
    },
    "@fullcalendar/bootstrap5": {
      "version": "5.11.5",
      "resolved": "https://registry.npmjs.org/@fullcalendar/bootstrap5/-/bootstrap5-5.11.5.tgz",
      "integrity": "sha512-9wGL/garIs/xHEVjMFYunGeb6sBBgW7QrB34HhdDi01HJ6gkS3822Nei3NGef18J2XBHa5UHMAasGVkqUdGIpQ==",
      "dev": true,
      "requires": {
        "@fullcalendar/common": "~5.11.5",
        "tslib": "^2.1.0"
      }
    },
    "@fullcalendar/common": {
      "version": "5.11.5",
      "resolved": "https://registry.npmjs.org/@fullcalendar/common/-/common-5.11.5.tgz",
      "integrity": "sha512-3iAYiUbHXhjSVXnYWz27Od2cslztUPsOwiwKlfGvQxBixv2Kl6a8IPwaijKFYJHXdwYmfPoEgK7rvqAGVoIYwA==",
      "dev": true,
      "requires": {
        "tslib": "^2.1.0"
      }
    },
    "@fullcalendar/core": {
      "version": "5.11.5",
      "resolved": "https://registry.npmjs.org/@fullcalendar/core/-/core-5.11.5.tgz",
      "integrity": "sha512-M/WQuq1+uUHxFDEIu2ib/aaPZ70VsRk2ITECo/WCLSLTVWcHPXwEg83reyP3G8JrMM4gRL4vScEHhX0U5aoNSw==",
      "dev": true,
      "requires": {
        "@fullcalendar/common": "~5.11.5",
        "preact": "~10.12.1",
        "tslib": "^2.1.0"
      }
    },
    "@fullcalendar/daygrid": {
      "version": "5.11.5",
      "resolved": "https://registry.npmjs.org/@fullcalendar/daygrid/-/daygrid-5.11.5.tgz",
      "integrity": "sha512-hMpq0U3Nucys2jDD+crbkJCr+tVt3fDw04OE3fbpisuzqtrHxIzRmnUOdbWUjJQyToAAkt7UVUQ9E7hYdmvyGA==",
      "dev": true,
      "requires": {
        "@fullcalendar/common": "~5.11.5",
        "tslib": "^2.1.0"
      }
    },
    "@fullcalendar/google-calendar": {
      "version": "5.11.5",
      "resolved": "https://registry.npmjs.org/@fullcalendar/google-calendar/-/google-calendar-5.11.5.tgz",
      "integrity": "sha512-+uXhuPBhL445e38g+NqlVr+S3TlTHA8+2pG7Q/k/i93gO2CBO685FsZ079dLMOtHI445VKwalgCKUYNC+CdZYA==",
      "dev": true,
      "requires": {
        "@fullcalendar/common": "~5.11.5",
        "tslib": "^2.1.0"
      }
    },
    "@fullcalendar/interaction": {
      "version": "5.11.5",
      "resolved": "https://registry.npmjs.org/@fullcalendar/interaction/-/interaction-5.11.5.tgz",
      "integrity": "sha512-Vg9uw8zKXZc2RP7it88U8R/kxJIQsK4pyv+s+RhlvT5NBZ9KLOh5y2xGCS4A4hyY7qLrzugxnKYlu6NwNqJ/RQ==",
      "dev": true,
      "requires": {
        "@fullcalendar/common": "~5.11.5",
        "tslib": "^2.1.0"
      }
    },
    "@fullcalendar/list": {
      "version": "5.11.5",
      "resolved": "https://registry.npmjs.org/@fullcalendar/list/-/list-5.11.5.tgz",
      "integrity": "sha512-ZYMPT4CVt9tIYkVVNx7CKkB2xc+n9L56+vgXkurptgYgPsacXYkcpF/1Hy/B5LKlg0ROEF9Qfftjow8xjANqaA==",
      "dev": true,
      "requires": {
        "@fullcalendar/common": "~5.11.5",
        "tslib": "^2.1.0"
      }
    },
    "@fullcalendar/timegrid": {
      "version": "5.11.5",
      "resolved": "https://registry.npmjs.org/@fullcalendar/timegrid/-/timegrid-5.11.5.tgz",
      "integrity": "sha512-OEH5mrTclwxgUbb51N6qr7ifzNkR74ygUEFpiMLyyUjkp7a76N6BsAP5mBQnTOpTTUZBu9tAOmfcnvi7skUayQ==",
      "dev": true,
      "requires": {
        "@fullcalendar/common": "~5.11.5",
        "@fullcalendar/daygrid": "~5.11.5",
        "tslib": "^2.1.0"
      }
    },
    "fullcalendar": {
      "version": "file:",
      "requires": {
        "@fullcalendar/bootstrap": "~5.11.3",
        "@fullcalendar/bootstrap5": "~5.11.3",
        "@fullcalendar/core": "~5.11.3",
        "@fullcalendar/daygrid": "~5.11.3",
        "@fullcalendar/google-calendar": "~5.11.3",
        "@fullcalendar/interaction": "~5.11.3",
        "@fullcalendar/list": "~5.11.3",
        "@fullcalendar/timegrid": "~5.11.3",
        "fullcalendar": "file:"
      },
      "dependencies": {
        "@fullcalendar/bootstrap": {
          "version": "5.11.5",
          "resolved": "https://registry.npmjs.org/@fullcalendar/bootstrap/-/bootstrap-5.11.5.tgz",
          "integrity": "sha512-btsVVJuLQ9UNTj0SeHNHxwM3uzfHi6RsjtMQs13sXzp3tu2d6FTI849VJHs81GfTZp+fwK0RD2tZ/eswN58A5Q==",
          "dev": true,
          "requires": {
            "@fullcalendar/common": "~5.11.5",
            "tslib": "^2.1.0"
          }
        },
        "@fullcalendar/bootstrap5": {
          "version": "5.11.5",
          "resolved": "https://registry.npmjs.org/@fullcalendar/bootstrap5/-/bootstrap5-5.11.5.tgz",
          "integrity": "sha512-9wGL/garIs/xHEVjMFYunGeb6sBBgW7QrB34HhdDi01HJ6gkS3822Nei3NGef18J2XBHa5UHMAasGVkqUdGIpQ==",
          "dev": true,
          "requires": {
            "@fullcalendar/common": "~5.11.5",
            "tslib": "^2.1.0"
          }
        },
        "@fullcalendar/common": {
          "version": "5.11.5",
          "resolved": "https://registry.npmjs.org/@fullcalendar/common/-/common-5.11.5.tgz",
          "integrity": "sha512-3iAYiUbHXhjSVXnYWz27Od2cslztUPsOwiwKlfGvQxBixv2Kl6a8IPwaijKFYJHXdwYmfPoEgK7rvqAGVoIYwA==",
          "dev": true,
          "requires": {
            "tslib": "^2.1.0"
          }
        },
        "@fullcalendar/core": {
          "version": "5.11.5",
          "resolved": "https://registry.npmjs.org/@fullcalendar/core/-/core-5.11.5.tgz",
          "integrity": "sha512-M/WQuq1+uUHxFDEIu2ib/aaPZ70VsRk2ITECo/WCLSLTVWcHPXwEg83reyP3G8JrMM4gRL4vScEHhX0U5aoNSw==",
          "dev": true,
          "requires": {
            "@fullcalendar/common": "~5.11.5",
            "preact": "~10.12.1",
            "tslib": "^2.1.0"
          }
        },
        "@fullcalendar/daygrid": {
          "version": "5.11.5",
          "resolved": "https://registry.npmjs.org/@fullcalendar/daygrid/-/daygrid-5.11.5.tgz",
          "integrity": "sha512-hMpq0U3Nucys2jDD+crbkJCr+tVt3fDw04OE3fbpisuzqtrHxIzRmnUOdbWUjJQyToAAkt7UVUQ9E7hYdmvyGA==",
          "dev": true,
          "requires": {
            "@fullcalendar/common": "~5.11.5",
            "tslib": "^2.1.0"
          }
        },
        "@fullcalendar/google-calendar": {
          "version": "5.11.5",
          "resolved": "https://registry.npmjs.org/@fullcalendar/google-calendar/-/google-calendar-5.11.5.tgz",
          "integrity": "sha512-+uXhuPBhL445e38g+NqlVr+S3TlTHA8+2pG7Q/k/i93gO2CBO685FsZ079dLMOtHI445VKwalgCKUYNC+CdZYA==",
          "dev": true,
          "requires": {
            "@fullcalendar/common": "~5.11.5",
            "tslib": "^2.1.0"
          }
        },
        "@fullcalendar/interaction": {
          "version": "5.11.5",
          "resolved": "https://registry.npmjs.org/@fullcalendar/interaction/-/interaction-5.11.5.tgz",
          "integrity": "sha512-Vg9uw8zKXZc2RP7it88U8R/kxJIQsK4pyv+s+RhlvT5NBZ9KLOh5y2xGCS4A4hyY7qLrzugxnKYlu6NwNqJ/RQ==",
          "dev": true,
          "requires": {
            "@fullcalendar/common": "~5.11.5",
            "tslib": "^2.1.0"
          }
        },
        "@fullcalendar/list": {
          "version": "5.11.5",
          "resolved": "https://registry.npmjs.org/@fullcalendar/list/-/list-5.11.5.tgz",
          "integrity": "sha512-ZYMPT4CVt9tIYkVVNx7CKkB2xc+n9L56+vgXkurptgYgPsacXYkcpF/1Hy/B5LKlg0ROEF9Qfftjow8xjANqaA==",
          "dev": true,
          "requires": {
            "@fullcalendar/common": "~5.11.5",
            "tslib": "^2.1.0"
          }
        },
        "@fullcalendar/timegrid": {
          "version": "5.11.5",
          "resolved": "https://registry.npmjs.org/@fullcalendar/timegrid/-/timegrid-5.11.5.tgz",
          "integrity": "sha512-OEH5mrTclwxgUbb51N6qr7ifzNkR74ygUEFpiMLyyUjkp7a76N6BsAP5mBQnTOpTTUZBu9tAOmfcnvi7skUayQ==",
          "dev": true,
          "requires": {
            "@fullcalendar/common": "~5.11.5",
            "@fullcalendar/daygrid": "~5.11.5",
            "tslib": "^2.1.0"
          }
        },
        "preact": {
          "version": "10.12.1",
          "resolved": "https://registry.npmjs.org/preact/-/preact-10.12.1.tgz",
          "integrity": "sha512-l8386ixSsBdbreOAkqtrwqHwdvR35ID8c3rKPa8lCWuO86dBi32QWHV4vfsZK1utLLFMvw+Z5Ad4XLkZzchscg==",
          "dev": true
        },
        "tslib": {
          "version": "2.8.1",
          "resolved": "https://registry.npmjs.org/tslib/-/tslib-2.8.1.tgz",
          "integrity": "sha512-oJFu94HQb+KVduSUQL7wnpmqnfmLsOA/nAh6b6EH0wCEoK0/mPeXU6c3wKDV83MkOuHPRHtSXKKU99IBazS/2w==",
          "dev": true
        }
      }
    },
    "preact": {
      "version": "10.12.1",
      "resolved": "https://registry.npmjs.org/preact/-/preact-10.12.1.tgz",
      "integrity": "sha512-l8386ixSsBdbreOAkqtrwqHwdvR35ID8c3rKPa8lCWuO86dBi32QWHV4vfsZK1utLLFMvw+Z5Ad4XLkZzchscg==",
      "dev": true
    },
    "tslib": {
      "version": "2.8.1",
      "resolved": "https://registry.npmjs.org/tslib/-/tslib-2.8.1.tgz",
      "integrity": "sha512-oJFu94HQb+KVduSUQL7wnpmqnfmLsOA/nAh6b6EH0wCEoK0/mPeXU6c3wKDV83MkOuHPRHtSXKKU99IBazS/2w==",
      "dev": true
    }
  }
}
